
Microsoft Visual Studio Solution File, Format Version 12.00
# Visual Studio 2013
VisualStudioVersion = 12.0.21005.1
MinimumVisualStudioVersion = 10.0.40219.1
Project("{FAE04EC0-301F-11D3-BF4B-00C04F79EFBC}") = "V1", "V1\V1.csproj", "{87B4BAC0-A2AD-4072-9332-FAD4F4D55A72}"
EndProject
Project("{FAE04EC0-301F-11D3-BF4B-00C04F79EFBC}") = "SideAdmin", "SideAdmin\SideAdmin.csproj", "{6E75A896-05BA-4503-B27A-4015AA3F8909}"
EndProject
Project("{FAE04EC0-301F-11D3-BF4B-00C04F79EFBC}") = "SideInfrastructure", "SideInfrastructure\SideInfrastructure.csproj", "{0B1E2BBF-A6CD-49C4-A690-784A1C004A0A}"
EndProject
Project("{FAE04EC0-301F-11D3-BF4B-00C04F79EFBC}") = "Test", "Test\Test.csproj", "{C326B54D-65F2-4823-B9B8-B9B52695D65F}"
EndProject
Project("{FAE04EC0-301F-11D3-BF4B-00C04F79EFBC}") = "WebApplication1", "WebApplication1\WebApplication1.csproj", "{E5A38D45-BBE0-4C38-88C2-1345E53FEFB5}"
EndProject
Global
	GlobalSection(SolutionConfigurationPlatforms) = preSolution
		Debug|Any CPU = Debug|Any CPU
		Release|Any CPU = Release|Any CPU
	EndGlobalSection
	GlobalSection(ProjectConfigurationPlatforms) = postSolution
		{87B4BAC0-A2AD-4072-9332-FAD4F4D55A72}.Debug|Any CPU.ActiveCfg = Debug|Any CPU
		{87B4BAC0-A2AD-4072-9332-FAD4F4D55A72}.Debug|Any CPU.Build.0 = Debug|Any CPU
		{87B4BAC0-A2AD-4072-9332-FAD4F4D55A72}.Release|Any CPU.ActiveCfg = Release|Any CPU
		{87B4BAC0-A2AD-4072-9332-FAD4F4D55A72}.Release|Any CPU.Build.0 = Release|Any CPU
		{6E75A896-05BA-4503-B27A-4015AA3F8909}.Debug|Any CPU.ActiveCfg = Debug|Any CPU
		{6E75A896-05BA-4503-B27A-4015AA3F8909}.Debug|Any CPU.Build.0 = Debug|Any CPU
		{6E75A896-05BA-4503-B27A-4015AA3F8909}.Release|Any CPU.ActiveCfg = Release|Any CPU
		{6E75A896-05BA-4503-B27A-4015AA3F8909}.Release|Any CPU.Build.0 = Release|Any CPU
		{0B1E2BBF-A6CD-49C4-A690-784A1C004A0A}.Debug|Any CPU.ActiveCfg = Debug|Any CPU
		{0B1E2BBF-A6CD-49C4-A690-784A1C004A0A}.Debug|Any CPU.Build.0 = Debug|Any CPU
		{0B1E2BBF-A6CD-49C4-A690-784A1C004A0A}.Release|Any CPU.ActiveCfg = Release|Any CPU
		{0B1E2BBF-A6CD-49C4-A690-784A1C004A0A}.Release|Any CPU.Build.0 = Release|Any CPU
		{C326B54D-65F2-4823-B9B8-B9B52695D65F}.Debug|Any CPU.ActiveCfg = Debug|Any CPU
		{C326B54D-65F2-4823-B9B8-B9B52695D65F}.Debug|Any CPU.Build.0 = Debug|Any CPU
		{C326B54D-65F2-4823-B9B8-B9B52695D65F}.Release|Any CPU.ActiveCfg = Release|Any CPU
		{C326B54D-65F2-4823-B9B8-B9B52695D65F}.Release|Any CPU.Build.0 = Release|Any CPU
		{E5A38D45-BBE0-4C38-88C2-1345E53FEFB5}.Debug|Any CPU.ActiveCfg = Debug|Any CPU
		{E5A38D45-BBE0-4C38-88C2-1345E53FEFB5}.Debug|Any CPU.Build.0 = Debug|Any CPU
		{E5A38D45-BBE0-4C38-88C2-1345E53FEFB5}.Release|Any CPU.ActiveCfg = Release|Any CPU
		{E5A38D45-BBE0-4C38-88C2-1345E53FEFB5}.Release|Any CPU.Build.0 = Release|Any CPU
	EndGlobalSection
	GlobalSection(SolutionProperties) = preSolution
		HideSolutionNode = FALSE
	EndGlobalSection
EndGlobal
